{
  "requires": true,
  "lockfileVersion": 1,
  "dependencies": {
    "three": {
      "version": "0.123.0",
      "resolved": "https://registry.npmjs.org/three/-/three-0.123.0.tgz",
      "integrity": "sha512-KNnx/IbilvoHRkxOtL0ouozoDoElyuvAXhFB21RK7F5IPWSmqyFelICK6x3hJerLNSlAdHxR0hkuvMMhH9pqXg=="
    }
  }
}
